# This file is autogenerated, do not edit; changes may be undone by the next 'dep ensure'.


[[projects]]
  branch = "master"
  name = "github.com/creack/goselect"
  packages = ["."]
  revision = "58854f77ee8d858ce751b0a9bcc5533fef7bfa9e"

[[projects]]
  branch = "master"
  name = "github.com/go-ble/ble"
  packages = [
    ".",
    "darwin",
    "linux",
    "linux/adv",
    "linux/att",
    "linux/gatt",
    "linux/hci",
    "linux/hci/cmd",
    "linux/hci/evt",
    "linux/hci/socket"
  ]
  revision = "731710e91806e163fe770d93dc318683f6f53c63"

[[projects]]
  branch = "master"
  name = "github.com/hashicorp/errwrap"
  packages = ["."]
  revision = "d6c0cd88035724dd42e0f335ae30161c20575ecc"

[[projects]]
  branch = "master"
  name = "github.com/hashicorp/go-multierror"
  packages = ["."]
  revision = "3d5d8f294aa03d8e98859feac328afbdf1ae0703"

[[projects]]
  name = "github.com/influxdata/influxdb"
  packages = [
    "client/v2",
    "models",
    "pkg/escape"
  ]
  revision = "5766854b95ae86cccf6cc8ffe4c5bb9eacc994b8"
  version = "v1.6.1"

[[projects]]
  name = "github.com/mattn/go-colorable"
  packages = ["."]
  revision = "167de6bfdfba052fa6b2d3664c8f5272e23c9072"
  version = "v0.0.9"

[[projects]]
  name = "github.com/mattn/go-isatty"
  packages = ["."]
  revision = "0360b2af4f38e8d38c7fce2a9f4e702702d73a39"
  version = "v0.0.3"

[[projects]]
  branch = "master"
  name = "github.com/mgutz/ansi"
  packages = ["."]
  revision = "9520e82c474b0a04dd04f8a40959027271bab992"

[[projects]]
  name = "github.com/mgutz/logxi"
  packages = ["v1"]
  revision = "aebf8a7d67ab4625e0fd4a665766fef9a709161b"
  version = "v1"

[[projects]]
  name = "github.com/namsral/flag"
  packages = ["."]
  revision = "71ceffbeb0ba60fccc853971bb3ed4d7d90bfd04"
  version = "v1.7.4-pre"

[[projects]]
  name = "github.com/nats-io/go-nats"
  packages = [
    "encoders/builtin",
    "util"
  ]
  revision = "062418ea1c2181f52dc0f954f6204370519a868b"
  version = "v1.5.0"

[[projects]]
  name = "github.com/nats-io/nats"
  packages = ["."]
  revision = "062418ea1c2181f52dc0f954f6204370519a868b"
  version = "v1.5.0"

[[projects]]
  name = "github.com/nats-io/nuid"
  packages = ["."]
  revision = "289cccf02c178dc782430d534e3c1f5b72af807f"
  version = "v1.0.0"

[[projects]]
  name = "github.com/pkg/errors"
  packages = ["."]
  revision = "645ef00459ed84a119197bfb8d8205042c6df63d"
  version = "v0.8.0"

[[projects]]
  branch = "master"
  name = "github.com/raff/goble"
  packages = ["xpc"]
  revision = "efeac611681b89806d673dfbd8fc1690ca6bd093"

[[projects]]
  branch = "master"
  name = "github.com/sigurn/crc8"
  packages = ["."]
  revision = "e55481d6f45c5a8f040343bace9013571dae103e"

[[projects]]
  branch = "master"
  name = "github.com/sigurn/utils"
  packages = ["."]
  revision = "f19e41f79f8f006116f682c1af454591bc278ad4"

[[projects]]
  branch = "master"
  name = "go.bug.st/serial.v1"
  packages = [
    ".",
    "unixutils"
  ]
  revision = "eae1344f9f90101f887b08d13391c34399f97873"

[[projects]]
  name = "gobot.io/x/gobot"
  packages = [
    ".",
    "drivers/gpio",
    "drivers/i2c",
    "platforms/ble",
    "platforms/firmata",
    "platforms/firmata/client",
    "platforms/nats"
  ]
  revision = "c1d0e3ce485df0b45076d1d93b7d9240b770d5fc"
  version = "1.11.1"

[[projects]]
  branch = "master"
  name = "golang.org/x/sys"
  packages = [
    "unix",
    "windows"
  ]
  revision = "1c9583448a9c3aa0f9a6a5241bf73c0bd8aafded"

[solve-meta]
  analyzer-name = "dep"
  analyzer-version = 1
  inputs-digest = "ae2b80a7da4416a2d5253c66a97fbbe4fd8ebbff6d99ee7129c36bc44dc1d009"
  solver-name = "gps-cdcl"
  solver-version = 1
